
Microsoft Visual Studio Solution File, Format Version 12.00
# Visual Studio Version 17
VisualStudioVersion = 17.7.34024.191
MinimumVisualStudioVersion = 10.0.40219.1
Project("{FAE04EC0-301F-11D3-BF4B-00C04F79EFBC}") = "SIGEDESP", "SIGEDESP.csproj", "{91C0B840-7756-417B-AA32-EDEA2F089F2C}"
EndProject
Global
	GlobalSection(SolutionConfigurationPlatforms) = preSolution
		Debug|Any CPU = Debug|Any CPU
		Release|Any CPU = Release|Any CPU
	EndGlobalSection
	GlobalSection(ProjectConfigurationPlatforms) = postSolution
		{91C0B840-7756-417B-AA32-EDEA2F089F2C}.Debug|Any CPU.ActiveCfg = Debug|Any CPU
		{91C0B840-7756-417B-AA32-EDEA2F089F2C}.Debug|Any CPU.Build.0 = Debug|Any CPU
		{91C0B840-7756-417B-AA32-EDEA2F089F2C}.Release|Any CPU.ActiveCfg = Release|Any CPU
		{91C0B840-7756-417B-AA32-EDEA2F089F2C}.Release|Any CPU.Build.0 = Release|Any CPU
	EndGlobalSection
	GlobalSection(SolutionProperties) = preSolution
		HideSolutionNode = FALSE
	EndGlobalSection
	GlobalSection(ExtensibilityGlobals) = postSolution
		SolutionGuid = {91907BBB-14BF-4B81-877B-4AE8C8AEFEDB}
	EndGlobalSection
EndGlobal
